// !$*UTF8*$!
{
	archiveVersion = 1;
	classes = {
	};
	objectVersion = 56;
	objects = {

/* Begin PBXBuildFile section */
		0BD136992BEFAB96005E2746 /* SeatReservationApp.swift in Sources */ = {isa = PBXBuildFile; fileRef = 0BD136982BEFAB96005E2746 /* SeatReservationApp.swift */; };
		0BD1369B2BEFAB96005E2746 /* ContentView.swift in Sources */ = {isa = PBXBuildFile; fileRef = 0BD1369A2BEFAB96005E2746 /* ContentView.swift */; };
		0BD1369D2BEFAB96005E2746 /* Item.swift in Sources */ = {isa = PBXBuildFile; fileRef = 0BD1369C2BEFAB96005E2746 /* Item.swift */; };
		0BD1369F2BEFAB9A005E2746 /* Assets.xcassets in Resources */ = {isa = PBXBuildFile; fileRef = 0BD1369E2BEFAB9A005E2746 /* Assets.xcassets */; };
		0BD136A22BEFAB9A005E2746 /* Preview Assets.xcassets in Resources */ = {isa = PBXBuildFile; fileRef = 0BD136A12BEFAB9A005E2746 /* Preview Assets.xcassets */; };
		0BD136AC2BEFAB9A005E2746 /* SeatReservationTests.swift in Sources */ = {isa = PBXBuildFile; fileRef = 0BD136AB2BEFAB9A005E2746 /* SeatReservationTests.swift */; };
		0BD136B62BEFAB9A005E2746 /* SeatReservationUITests.swift in Sources */ = {isa = PBXBuildFile; fileRef = 0BD136B52BEFAB9A005E2746 /* SeatReservationUITests.swift */; };
		0BD136B82BEFAB9A005E2746 /* SeatReservationUITestsLaunchTests.swift in Sources */ = {isa = PBXBuildFile; fileRef = 0BD136B72BEFAB9A005E2746 /* SeatReservationUITestsLaunchTests.swift */; };
		0BD136C52BEFAC8C005E2746 /* InformationView.swift in Sources */ = {isa = PBXBuildFile; fileRef = 0BD136C42BEFAC8C005E2746 /* InformationView.swift */; };
		0BD136C62BEFAC8C005E2746 /* InformationView.swift in Sources */ = {isa = PBXBuildFile; fileRef = 0BD136C42BEFAC8C005E2746 /* InformationView.swift */; };
		0BD136C72BEFAC8C005E2746 /* InformationView.swift in Sources */ = {isa = PBXBuildFile; fileRef = 0BD136C42BEFAC8C005E2746 /* InformationView.swift */; };
		0BD136C92BEFACA4005E2746 /* ReservationView.swift in Sources */ = {isa = PBXBuildFile; fileRef = 0BD136C82BEFACA4005E2746 /* ReservationView.swift */; };
		0BD136CA2BEFACA4005E2746 /* ReservationView.swift in Sources */ = {isa = PBXBuildFile; fileRef = 0BD136C82BEFACA4005E2746 /* ReservationView.swift */; };
		0BD136CB2BEFACA4005E2746 /* ReservationView.swift in Sources */ = {isa = PBXBuildFile; fileRef = 0BD136C82BEFACA4005E2746 /* ReservationView.swift */; };
		0BD136CD2BEFACE1005E2746 /* PersonalView.swift in Sources */ = {isa = PBXBuildFile; fileRef = 0BD136CC2BEFACE1005E2746 /* PersonalView.swift */; };
		0BD136CE2BEFACE1005E2746 /* PersonalView.swift in Sources */ = {isa = PBXBuildFile; fileRef = 0BD136CC2BEFACE1005E2746 /* PersonalView.swift */; };
		0BD136CF2BEFACE1005E2746 /* PersonalView.swift in Sources */ = {isa = PBXBuildFile; fileRef = 0BD136CC2BEFACE1005E2746 /* PersonalView.swift */; };
		0BD136D12BEFACF3005E2746 /* SeatReservationDB.swift in Sources */ = {isa = PBXBuildFile; fileRef = 0BD136D02BEFACF3005E2746 /* SeatReservationDB.swift */; };
		0BD136D22BEFACF3005E2746 /* SeatReservationDB.swift in Sources */ = {isa = PBXBuildFile; fileRef = 0BD136D02BEFACF3005E2746 /* SeatReservationDB.swift */; };
		0BD136D32BEFACF3005E2746 /* SeatReservationDB.swift in Sources */ = {isa = PBXBuildFile; fileRef = 0BD136D02BEFACF3005E2746 /* SeatReservationDB.swift */; };
/* End PBXBuildFile section */

/* Begin PBXContainerItemProxy section */
		0BD136A82BEFAB9A005E2746 /* PBXContainerItemProxy */ = {
			isa = PBXContainerItemProxy;
			containerPortal = 0BD1368D2BEFAB96005E2746 /* Project object */;
			proxyType = 1;
			remoteGlobalIDString = 0BD136942BEFAB96005E2746;
			remoteInfo = SeatReservation;
		};
		0BD136B22BEFAB9A005E2746 /* PBXContainerItemProxy */ = {
			isa = PBXContainerItemProxy;
			containerPortal = 0BD1368D2BEFAB96005E2746 /* Project object */;
			proxyType = 1;
			remoteGlobalIDString = 0BD136942BEFAB96005E2746;
			remoteInfo = SeatReservation;
		};
/* End PBXContainerItemProxy section */

/* Begin PBXFileReference section */
		0BD136952BEFAB96005E2746 /* SeatReservation.app */ = {isa = PBXFileReference; explicitFileType = wrapper.application; includeInIndex = 0; path = SeatReservation.app; sourceTree = BUILT_PRODUCTS_DIR; };
		0BD136982BEFAB96005E2746 /* SeatReservationApp.swift */ = {isa = PBXFileReference; lastKnownFileType = sourcecode.swift; path = SeatReservationApp.swift; sourceTree = "<group>"; };
		0BD1369A2BEFAB96005E2746 /* ContentView.swift */ = {isa = PBXFileReference; lastKnownFileType = sourcecode.swift; path = ContentView.swift; sourceTree = "<group>"; };
		0BD1369C2BEFAB96005E2746 /* Item.swift */ = {isa = PBXFileReference; lastKnownFileType = sourcecode.swift; path = Item.swift; sourceTree = "<group>"; };
		0BD1369E2BEFAB9A005E2746 /* Assets.xcassets */ = {isa = PBXFileReference; lastKnownFileType = folder.assetcatalog; path = Assets.xcassets; sourceTree = "<group>"; };
		0BD136A12BEFAB9A005E2746 /* Preview Assets.xcassets */ = {isa = PBXFileReference; lastKnownFileType = folder.assetcatalog; path = "Preview Assets.xcassets"; sourceTree = "<group>"; };
		0BD136A72BEFAB9A005E2746 /* SeatReservationTests.xctest */ = {isa = PBXFileReference; explicitFileType = wrapper.cfbundle; includeInIndex = 0; path = SeatReservationTests.xctest; sourceTree = BUILT_PRODUCTS_DIR; };
		0BD136AB2BEFAB9A005E2746 /* SeatReservationTests.swift */ = {isa = PBXFileReference; lastKnownFileType = sourcecode.swift; path = SeatReservationTests.swift; sourceTree = "<group>"; };
		0BD136B12BEFAB9A005E2746 /* SeatReservationUITests.xctest */ = {isa = PBXFileReference; explicitFileType = wrapper.cfbundle; includeInIndex = 0; path = SeatReservationUITests.xctest; sourceTree = BUILT_PRODUCTS_DIR; };
		0BD136B52BEFAB9A005E2746 /* SeatReservationUITests.swift */ = {isa = PBXFileReference; lastKnownFileType = sourcecode.swift; path = SeatReservationUITests.swift; sourceTree = "<group>"; };
		0BD136B72BEFAB9A005E2746 /* SeatReservationUITestsLaunchTests.swift */ = {isa = PBXFileReference; lastKnownFileType = sourcecode.swift; path = SeatReservationUITestsLaunchTests.swift; sourceTree = "<group>"; };
		0BD136C42BEFAC8C005E2746 /* InformationView.swift */ = {isa = PBXFileReference; fileEncoding = 4; lastKnownFileType = sourcecode.swift; path = InformationView.swift; sourceTree = "<group>"; };
		0BD136C82BEFACA4005E2746 /* ReservationView.swift */ = {isa = PBXFileReference; fileEncoding = 4; lastKnownFileType = sourcecode.swift; path = ReservationView.swift; sourceTree = "<group>"; };
		0BD136CC2BEFACE1005E2746 /* PersonalView.swift */ = {isa = PBXFileReference; fileEncoding = 4; lastKnownFileType = sourcecode.swift; path = PersonalView.swift; sourceTree = "<group>"; };
		0BD136D02BEFACF3005E2746 /* SeatReservationDB.swift */ = {isa = PBXFileReference; fileEncoding = 4; lastKnownFileType = sourcecode.swift; path = SeatReservationDB.swift; sourceTree = "<group>"; };
/* End PBXFileReference section */

/* Begin PBXFrameworksBuildPhase section */
		0BD136922BEFAB96005E2746 /* Frameworks */ = {
			isa = PBXFrameworksBuildPhase;
			buildActionMask = 2147483647;
			files = (
			);
			runOnlyForDeploymentPostprocessing = 0;
		};
		0BD136A42BEFAB9A005E2746 /* Frameworks */ = {
			isa = PBXFrameworksBuildPhase;
			buildActionMask = 2147483647;
			files = (
			);
			runOnlyForDeploymentPostprocessing = 0;
		};
		0BD136AE2BEFAB9A005E2746 /* Frameworks */ = {
			isa = PBXFrameworksBuildPhase;
			buildActionMask = 2147483647;
			files = (
			);
			runOnlyForDeploymentPostprocessing = 0;
		};
/* End PBXFrameworksBuildPhase section */

/* Begin PBXGroup section */
		0BD1368C2BEFAB96005E2746 = {
			isa = PBXGroup;
			children = (
				0BD136972BEFAB96005E2746 /* SeatReservation */,
				0BD136AA2BEFAB9A005E2746 /* SeatReservationTests */,
				0BD136B42BEFAB9A005E2746 /* SeatReservationUITests */,
				0BD136962BEFAB96005E2746 /* Products */,
			);
			sourceTree = "<group>";
		};
		0BD136962BEFAB96005E2746 /* Products */ = {
			isa = PBXGroup;
			children = (
				0BD136952BEFAB96005E2746 /* SeatReservation.app */,
				0BD136A72BEFAB9A005E2746 /* SeatReservationTests.xctest */,
				0BD136B12BEFAB9A005E2746 /* SeatReservationUITests.xctest */,
			);
			name = Products;
			sourceTree = "<group>";
		};
		0BD136972BEFAB96005E2746 /* SeatReservation */ = {
			isa = PBXGroup;
			children = (
				0BD136C82BEFACA4005E2746 /* ReservationView.swift */,
				0BD136982BEFAB96005E2746 /* SeatReservationApp.swift */,
				0BD136CC2BEFACE1005E2746 /* PersonalView.swift */,
				0BD136C42BEFAC8C005E2746 /* InformationView.swift */,
				0BD136D02BEFACF3005E2746 /* SeatReservationDB.swift */,
				0BD1369A2BEFAB96005E2746 /* ContentView.swift */,
				0BD1369C2BEFAB96005E2746 /* Item.swift */,
				0BD1369E2BEFAB9A005E2746 /* Assets.xcassets */,
				0BD136A02BEFAB9A005E2746 /* Preview Content */,
			);
			path = SeatReservation;
			sourceTree = "<group>";
		};
		0BD136A02BEFAB9A005E2746 /* Preview Content */ = {
			isa = PBXGroup;
			children = (
				0BD136A12BEFAB9A005E2746 /* Preview Assets.xcassets */,
			);
			path = "Preview Content";
			sourceTree = "<group>";
		};
		0BD136AA2BEFAB9A005E2746 /* SeatReservationTests */ = {
			isa = PBXGroup;
			children = (
				0BD136AB2BEFAB9A005E2746 /* SeatReservationTests.swift */,
			);
			path = SeatReservationTests;
			sourceTree = "<group>";
		};
		0BD136B42BEFAB9A005E2746 /* SeatReservationUITests */ = {
			isa = PBXGroup;
			children = (
				0BD136B52BEFAB9A005E2746 /* SeatReservationUITests.swift */,
				0BD136B72BEFAB9A005E2746 /* SeatReservationUITestsLaunchTests.swift */,
			);
			path = SeatReservationUITests;
			sourceTree = "<group>";
		};
/* End PBXGroup section */

/* Begin PBXNativeTarget section */
		0BD136942BEFAB96005E2746 /* SeatReservation */ = {
			isa = PBXNativeTarget;
			buildConfigurationList = 0BD136BB2BEFAB9A005E2746 /* Build configuration list for PBXNativeTarget "SeatReservation" */;
			buildPhases = (
				0BD136912BEFAB96005E2746 /* Sources */,
				0BD136922BEFAB96005E2746 /* Frameworks */,
				0BD136932BEFAB96005E2746 /* Resources */,
			);
			buildRules = (
			);
			dependencies = (
			);
			name = SeatReservation;
			productName = SeatReservation;
			productReference = 0BD136952BEFAB96005E2746 /* SeatReservation.app */;
			productType = "com.apple.product-type.application";
		};
		0BD136A62BEFAB9A005E2746 /* SeatReservationTests */ = {
			isa = PBXNativeTarget;
			buildConfigurationList = 0BD136BE2BEFAB9A005E2746 /* Build configuration list for PBXNativeTarget "SeatReservationTests" */;
			buildPhases = (
				0BD136A32BEFAB9A005E2746 /* Sources */,
				0BD136A42BEFAB9A005E2746 /* Frameworks */,
				0BD136A52BEFAB9A005E2746 /* Resources */,
			);
			buildRules = (
			);
			dependencies = (
				0BD136A92BEFAB9A005E2746 /* PBXTargetDependency */,
			);
			name = SeatReservationTests;
			productName = SeatReservationTests;
			productReference = 0BD136A72BEFAB9A005E2746 /* SeatReservationTests.xctest */;
			productType = "com.apple.product-type.bundle.unit-test";
		};
		0BD136B02BEFAB9A005E2746 /* SeatReservationUITests */ = {
			isa = PBXNativeTarget;
			buildConfigurationList = 0BD136C12BEFAB9A005E2746 /* Build configuration list for PBXNativeTarget "SeatReservationUITests" */;
			buildPhases = (
				0BD136AD2BEFAB9A005E2746 /* Sources */,
				0BD136AE2BEFAB9A005E2746 /* Frameworks */,
				0BD136AF2BEFAB9A005E2746 /* Resources */,
			);
			buildRules = (
			);
			dependencies = (
				0BD136B32BEFAB9A005E2746 /* PBXTargetDependency */,
			);
			name = SeatReservationUITests;
			productName = SeatReservationUITests;
			productReference = 0BD136B12BEFAB9A005E2746 /* SeatReservationUITests.xctest */;
			productType = "com.apple.product-type.bundle.ui-testing";
		};
/* End PBXNativeTarget section */

/* Begin PBXProject section */
		0BD1368D2BEFAB96005E2746 /* Project object */ = {
			isa = PBXProject;
			attributes = {
				BuildIndependentTargetsInParallel = 1;
				LastSwiftUpdateCheck = 1520;
				LastUpgradeCheck = 1520;
				TargetAttributes = {
					0BD136942BEFAB96005E2746 = {
						CreatedOnToolsVersion = 15.2;
					};
					0BD136A62BEFAB9A005E2746 = {
						CreatedOnToolsVersion = 15.2;
						TestTargetID = 0BD136942BEFAB96005E2746;
					};
					0BD136B02BEFAB9A005E2746 = {
						CreatedOnToolsVersion = 15.2;
						TestTargetID = 0BD136942BEFAB96005E2746;
					};
				};
			};
			buildConfigurationList = 0BD136902BEFAB96005E2746 /* Build configuration list for PBXProject "SeatReservation" */;
			compatibilityVersion = "Xcode 14.0";
			developmentRegion = en;
			hasScannedForEncodings = 0;
			knownRegions = (
				en,
				Base,
			);
			mainGroup = 0BD1368C2BEFAB96005E2746;
			productRefGroup = 0BD136962BEFAB96005E2746 /* Products */;
			projectDirPath = "";
			projectRoot = "";
			targets = (
				0BD136942BEFAB96005E2746 /* SeatReservation */,
				0BD136A62BEFAB9A005E2746 /* SeatReservationTests */,
				0BD136B02BEFAB9A005E2746 /* SeatReservationUITests */,
			);
		};
/* End PBXProject section */

/* Begin PBXResourcesBuildPhase section */
		0BD136932BEFAB96005E2746 /* Resources */ = {
			isa = PBXResourcesBuildPhase;
			buildActionMask = 2147483647;
			files = (
				0BD136A22BEFAB9A005E2746 /* Preview Assets.xcassets in Resources */,
				0BD1369F2BEFAB9A005E2746 /* Assets.xcassets in Resources */,
			);
			runOnlyForDeploymentPostprocessing = 0;
		};
		0BD136A52BEFAB9A005E2746 /* Resources */ = {
			isa = PBXResourcesBuildPhase;
			buildActionMask = 2147483647;
			files = (
			);
			runOnlyForDeploymentPostprocessing = 0;
		};
		0BD136AF2BEFAB9A005E2746 /* Resources */ = {
			isa = PBXResourcesBuildPhase;
			buildActionMask = 2147483647;
			files = (
			);
			runOnlyForDeploymentPostprocessing = 0;
		};
/* End PBXResourcesBuildPhase section */

/* Begin PBXSourcesBuildPhase section */
		0BD136912BEFAB96005E2746 /* Sources */ = {
			isa = PBXSourcesBuildPhase;
			buildActionMask = 2147483647;
			files = (
				0BD136CD2BEFACE1005E2746 /* PersonalView.swift in Sources */,
				0BD1369B2BEFAB96005E2746 /* ContentView.swift in Sources */,
				0BD136D12BEFACF3005E2746 /* SeatReservationDB.swift in Sources */,
				0BD136C52BEFAC8C005E2746 /* InformationView.swift in Sources */,
				0BD136C92BEFACA4005E2746 /* ReservationView.swift in Sources */,
				0BD1369D2BEFAB96005E2746 /* Item.swift in Sources */,
				0BD136992BEFAB96005E2746 /* SeatReservationApp.swift in Sources */,
			);
			runOnlyForDeploymentPostprocessing = 0;
		};
		0BD136A32BEFAB9A005E2746 /* Sources */ = {
			isa = PBXSourcesBuildPhase;
			buildActionMask = 2147483647;
			files = (
				0BD136CE2BEFACE1005E2746 /* PersonalView.swift in Sources */,
				0BD136AC2BEFAB9A005E2746 /* SeatReservationTests.swift in Sources */,
				0BD136CA2BEFACA4005E2746 /* ReservationView.swift in Sources */,
				0BD136D22BEFACF3005E2746 /* SeatReservationDB.swift in Sources */,
				0BD136C62BEFAC8C005E2746 /* InformationView.swift in Sources */,
			);
			runOnlyForDeploymentPostprocessing = 0;
		};
		0BD136AD2BEFAB9A005E2746 /* Sources */ = {
			isa = PBXSourcesBuildPhase;
			buildActionMask = 2147483647;
			files = (
				0BD136C72BEFAC8C005E2746 /* InformationView.swift in Sources */,
				0BD136D32BEFACF3005E2746 /* SeatReservationDB.swift in Sources */,
				0BD136CB2BEFACA4005E2746 /* ReservationView.swift in Sources */,
				0BD136CF2BEFACE1005E2746 /* PersonalView.swift in Sources */,
				0BD136B82BEFAB9A005E2746 /* SeatReservationUITestsLaunchTests.swift in Sources */,
				0BD136B62BEFAB9A005E2746 /* SeatReservationUITests.swift in Sources */,
			);
			runOnlyForDeploymentPostprocessing = 0;
		};
/* End PBXSourcesBuildPhase section */

/* Begin PBXTargetDependency section */
		0BD136A92BEFAB9A005E2746 /* PBXTargetDependency */ = {
			isa = PBXTargetDependency;
			target = 0BD136942BEFAB96005E2746 /* SeatReservation */;
			targetProxy = 0BD136A82BEFAB9A005E2746 /* PBXContainerItemProxy */;
		};
		0BD136B32BEFAB9A005E2746 /* PBXTargetDependency */ = {
			isa = PBXTargetDependency;
			target = 0BD136942BEFAB96005E2746 /* SeatReservation */;
			targetProxy = 0BD136B22BEFAB9A005E2746 /* PBXContainerItemProxy */;
		};
/* End PBXTargetDependency section */

/* Begin XCBuildConfiguration section */
		0BD136B92BEFAB9A005E2746 /* Debug */ = {
			isa = XCBuildConfiguration;
			buildSettings = {
				ALWAYS_SEARCH_USER_PATHS = NO;
				ASSETCATALOG_COMPILER_GENERATE_SWIFT_ASSET_SYMBOL_EXTENSIONS = YES;
				CLANG_ANALYZER_NONNULL = YES;
				CLANG_ANALYZER_NUMBER_OBJECT_CONVERSION = YES_AGGRESSIVE;
				CLANG_CXX_LANGUAGE_STANDARD = "gnu++20";
				CLANG_ENABLE_MODULES = YES;
				CLANG_ENABLE_OBJC_ARC = YES;
				CLANG_ENABLE_OBJC_WEAK = YES;
				CLANG_WARN_BLOCK_CAPTURE_AUTORELEASING = YES;
				CLANG_WARN_BOOL_CONVERSION = YES;
				CLANG_WARN_COMMA = YES;
				CLANG_WARN_CONSTANT_CONVERSION = YES;
				CLANG_WARN_DEPRECATED_OBJC_IMPLEMENTATIONS = YES;
				CLANG_WARN_DIRECT_OBJC_ISA_USAGE = YES_ERROR;
				CLANG_WARN_DOCUMENTATION_COMMENTS = YES;
				CLANG_WARN_EMPTY_BODY = YES;
				CLANG_WARN_ENUM_CONVERSION = YES;
				CLANG_WARN_INFINITE_RECURSION = YES;
				CLANG_WARN_INT_CONVERSION = YES;
				CLANG_WARN_NON_LITERAL_NULL_CONVERSION = YES;
				CLANG_WARN_OBJC_IMPLICIT_RETAIN_SELF = YES;
				CLANG_WARN_OBJC_LITERAL_CONVERSION = YES;
				CLANG_WARN_OBJC_ROOT_CLASS = YES_ERROR;
				CLANG_WARN_QUOTED_INCLUDE_IN_FRAMEWORK_HEADER = YES;
				CLANG_WARN_RANGE_LOOP_ANALYSIS = YES;
				CLANG_WARN_STRICT_PROTOTYPES = YES;
				CLANG_WARN_SUSPICIOUS_MOVE = YES;
				CLANG_WARN_UNGUARDED_AVAILABILITY = YES_AGGRESSIVE;
				CLANG_WARN_UNREACHABLE_CODE = YES;
				CLANG_WARN__DUPLICATE_METHOD_MATCH = YES;
				COPY_PHASE_STRIP = NO;
				DEBUG_INFORMATION_FORMAT = dwarf;
				ENABLE_STRICT_OBJC_MSGSEND = YES;
				ENABLE_TESTABILITY = YES;
				ENABLE_USER_SCRIPT_SANDBOXING = YES;
				GCC_C_LANGUAGE_STANDARD = gnu17;
				GCC_DYNAMIC_NO_PIC = NO;
				GCC_NO_COMMON_BLOCKS = YES;
				GCC_OPTIMIZATION_LEVEL = 0;
				GCC_PREPROCESSOR_DEFINITIONS = (
					"DEBUG=1",
					"$(inherited)",
				);
				GCC_WARN_64_TO_32_BIT_CONVERSION = YES;
				GCC_WARN_ABOUT_RETURN_TYPE = YES_ERROR;
				GCC_WARN_UNDECLARED_SELECTOR = YES;
				GCC_WARN_UNINITIALIZED_AUTOS = YES_AGGRESSIVE;
				GCC_WARN_UNUSED_FUNCTION = YES;
				GCC_WARN_UNUSED_VARIABLE = YES;
				IPHONEOS_DEPLOYMENT_TARGET = 17.2;
				LOCALIZATION_PREFERS_STRING_CATALOGS = YES;
				MTL_ENABLE_DEBUG_INFO = INCLUDE_SOURCE;
				MTL_FAST_MATH = YES;
				ONLY_ACTIVE_ARCH = YES;
				SDKROOT = iphoneos;
				SWIFT_ACTIVE_COMPILATION_CONDITIONS = "DEBUG $(inherited)";
				SWIFT_OPTIMIZATION_LEVEL = "-Onone";
			};
			name = Debug;
		};
		0BD136BA2BEFAB9A005E2746 /* Release */ = {
			isa = XCBuildConfiguration;
			buildSettings = {
				ALWAYS_SEARCH_USER_PATHS = NO;
				ASSETCATALOG_COMPILER_GENERATE_SWIFT_ASSET_SYMBOL_EXTENSIONS = YES;
				CLANG_ANALYZER_NONNULL = YES;
				CLANG_ANALYZER_NUMBER_OBJECT_CONVERSION = YES_AGGRESSIVE;
				CLANG_CXX_LANGUAGE_STANDARD = "gnu++20";
				CLANG_ENABLE_MODULES = YES;
				CLANG_ENABLE_OBJC_ARC = YES;
				CLANG_ENABLE_OBJC_WEAK = YES;
				CLANG_WARN_BLOCK_CAPTURE_AUTORELEASING = YES;
				CLANG_WARN_BOOL_CONVERSION = YES;
				CLANG_WARN_COMMA = YES;
				CLANG_WARN_CONSTANT_CONVERSION = YES;
				CLANG_WARN_DEPRECATED_OBJC_IMPLEMENTATIONS = YES;
				CLANG_WARN_DIRECT_OBJC_ISA_USAGE = YES_ERROR;
				CLANG_WARN_DOCUMENTATION_COMMENTS = YES;
				CLANG_WARN_EMPTY_BODY = YES;
				CLANG_WARN_ENUM_CONVERSION = YES;
				CLANG_WARN_INFINITE_RECURSION = YES;
				CLANG_WARN_INT_CONVERSION = YES;
				CLANG_WARN_NON_LITERAL_NULL_CONVERSION = YES;
				CLANG_WARN_OBJC_IMPLICIT_RETAIN_SELF = YES;
				CLANG_WARN_OBJC_LITERAL_CONVERSION = YES;
				CLANG_WARN_OBJC_ROOT_CLASS = YES_ERROR;
				CLANG_WARN_QUOTED_INCLUDE_IN_FRAMEWORK_HEADER = YES;
				CLANG_WARN_RANGE_LOOP_ANALYSIS = YES;
				CLANG_WARN_STRICT_PROTOTYPES = YES;
				CLANG_WARN_SUSPICIOUS_MOVE = YES;
				CLANG_WARN_UNGUARDED_AVAILABILITY = YES_AGGRESSIVE;
				CLANG_WARN_UNREACHABLE_CODE = YES;
				CLANG_WARN__DUPLICATE_METHOD_MATCH = YES;
				COPY_PHASE_STRIP = NO;
				DEBUG_INFORMATION_FORMAT = "dwarf-with-dsym";
				ENABLE_NS_ASSERTIONS = NO;
				ENABLE_STRICT_OBJC_MSGSEND = YES;
				ENABLE_USER_SCRIPT_SANDBOXING = YES;
				GCC_C_LANGUAGE_STANDARD = gnu17;
				GCC_NO_COMMON_BLOCKS = YES;
				GCC_WARN_64_TO_32_BIT_CONVERSION = YES;
				GCC_WARN_ABOUT_RETURN_TYPE = YES_ERROR;
				GCC_WARN_UNDECLARED_SELECTOR = YES;
				GCC_WARN_UNINITIALIZED_AUTOS = YES_AGGRESSIVE;
				GCC_WARN_UNUSED_FUNCTION = YES;
				GCC_WARN_UNUSED_VARIABLE = YES;
				IPHONEOS_DEPLOYMENT_TARGET = 17.2;
				LOCALIZATION_PREFERS_STRING_CATALOGS = YES;
				MTL_ENABLE_DEBUG_INFO = NO;
				MTL_FAST_MATH = YES;
				SDKROOT = iphoneos;
				SWIFT_COMPILATION_MODE = wholemodule;
				VALIDATE_PRODUCT = YES;
			};
			name = Release;
		};
		0BD136BC2BEFAB9A005E2746 /* Debug */ = {
			isa = XCBuildConfiguration;
			buildSettings = {
				ASSETCATALOG_COMPILER_APPICON_NAME = AppIcon;
				ASSETCATALOG_COMPILER_GLOBAL_ACCENT_COLOR_NAME = AccentColor;
				CODE_SIGN_STYLE = Automatic;
				CURRENT_PROJECT_VERSION = 1;
				DEVELOPMENT_ASSET_PATHS = "\"SeatReservation/Preview Content\"";
				ENABLE_PREVIEWS = YES;
				GENERATE_INFOPLIST_FILE = YES;
				INFOPLIST_KEY_UIApplicationSceneManifest_Generation = YES;
				INFOPLIST_KEY_UIApplicationSupportsIndirectInputEvents = YES;
				INFOPLIST_KEY_UILaunchScreen_Generation = YES;
				INFOPLIST_KEY_UISupportedInterfaceOrientations_iPad = "UIInterfaceOrientationPortrait UIInterfaceOrientationPortraitUpsideDown UIInterfaceOrientationLandscapeLeft UIInterfaceOrientationLandscapeRight";
				INFOPLIST_KEY_UISupportedInterfaceOrientations_iPhone = "UIInterfaceOrientationPortrait UIInterfaceOrientationLandscapeLeft UIInterfaceOrientationLandscapeRight";
				LD_RUNPATH_SEARCH_PATHS = (
					"$(inherited)",
					"@executable_path/Frameworks",
				);
				MARKETING_VERSION = 1.0;
				PRODUCT_BUNDLE_IDENTIFIER = "-23.SeatReservation";
				PRODUCT_NAME = "$(TARGET_NAME)";
				SWIFT_EMIT_LOC_STRINGS = YES;
				SWIFT_VERSION = 5.0;
				TARGETED_DEVICE_FAMILY = "1,2";
			};
			name = Debug;
		};
		0BD136BD2BEFAB9A005E2746 /* Release */ = {
			isa = XCBuildConfiguration;
			buildSettings = {
				ASSETCATALOG_COMPILER_APPICON_NAME = AppIcon;
				ASSETCATALOG_COMPILER_GLOBAL_ACCENT_COLOR_NAME = AccentColor;
				CODE_SIGN_STYLE = Automatic;
				CURRENT_PROJECT_VERSION = 1;
				DEVELOPMENT_ASSET_PATHS = "\"SeatReservation/Preview Content\"";
				ENABLE_PREVIEWS = YES;
				GENERATE_INFOPLIST_FILE = YES;
				INFOPLIST_KEY_UIApplicationSceneManifest_Generation = YES;
				INFOPLIST_KEY_UIApplicationSupportsIndirectInputEvents = YES;
				INFOPLIST_KEY_UILaunchScreen_Generation = YES;
				INFOPLIST_KEY_UISupportedInterfaceOrientations_iPad = "UIInterfaceOrientationPortrait UIInterfaceOrientationPortraitUpsideDown UIInterfaceOrientationLandscapeLeft UIInterfaceOrientationLandscapeRight";
				INFOPLIST_KEY_UISupportedInterfaceOrientations_iPhone = "UIInterfaceOrientationPortrait UIInterfaceOrientationLandscapeLeft UIInterfaceOrientationLandscapeRight";
				LD_RUNPATH_SEARCH_PATHS = (
					"$(inherited)",
					"@executable_path/Frameworks",
				);
				MARKETING_VERSION = 1.0;
				PRODUCT_BUNDLE_IDENTIFIER = "-23.SeatReservation";
				PRODUCT_NAME = "$(TARGET_NAME)";
				SWIFT_EMIT_LOC_STRINGS = YES;
				SWIFT_VERSION = 5.0;
				TARGETED_DEVICE_FAMILY = "1,2";
			};
			name = Release;
		};
		0BD136BF2BEFAB9A005E2746 /* Debug */ = {
			isa = XCBuildConfiguration;
			buildSettings = {
				ALWAYS_EMBED_SWIFT_STANDARD_LIBRARIES = YES;
				BUNDLE_LOADER = "$(TEST_HOST)";
				CODE_SIGN_STYLE = Automatic;
				CURRENT_PROJECT_VERSION = 1;
				GENERATE_INFOPLIST_FILE = YES;
				IPHONEOS_DEPLOYMENT_TARGET = 17.2;
				MARKETING_VERSION = 1.0;
				PRODUCT_BUNDLE_IDENTIFIER = "-23.SeatReservationTests";
				PRODUCT_NAME = "$(TARGET_NAME)";
				SWIFT_EMIT_LOC_STRINGS = NO;
				SWIFT_VERSION = 5.0;
				TARGETED_DEVICE_FAMILY = "1,2";
				TEST_HOST = "$(BUILT_PRODUCTS_DIR)/SeatReservation.app/$(BUNDLE_EXECUTABLE_FOLDER_PATH)/SeatReservation";
			};
			name = Debug;
		};
		0BD136C02BEFAB9A005E2746 /* Release */ = {
			isa = XCBuildConfiguration;
			buildSettings = {
				ALWAYS_EMBED_SWIFT_STANDARD_LIBRARIES = YES;
				BUNDLE_LOADER = "$(TEST_HOST)";
				CODE_SIGN_STYLE = Automatic;
				CURRENT_PROJECT_VERSION = 1;
				GENERATE_INFOPLIST_FILE = YES;
				IPHONEOS_DEPLOYMENT_TARGET = 17.2;
				MARKETING_VERSION = 1.0;
				PRODUCT_BUNDLE_IDENTIFIER = "-23.SeatReservationTests";
				PRODUCT_NAME = "$(TARGET_NAME)";
				SWIFT_EMIT_LOC_STRINGS = NO;
				SWIFT_VERSION = 5.0;
				TARGETED_DEVICE_FAMILY = "1,2";
				TEST_HOST = "$(BUILT_PRODUCTS_DIR)/SeatReservation.app/$(BUNDLE_EXECUTABLE_FOLDER_PATH)/SeatReservation";
			};
			name = Release;
		};
		0BD136C22BEFAB9A005E2746 /* Debug */ = {
			isa = XCBuildConfiguration;
			buildSettings = {
				ALWAYS_EMBED_SWIFT_STANDARD_LIBRARIES = YES;
				CODE_SIGN_STYLE = Automatic;
				CURRENT_PROJECT_VERSION = 1;
				GENERATE_INFOPLIST_FILE = YES;
				MARKETING_VERSION = 1.0;
				PRODUCT_BUNDLE_IDENTIFIER = "-23.SeatReservationUITests";
				PRODUCT_NAME = "$(TARGET_NAME)";
				SWIFT_EMIT_LOC_STRINGS = NO;
				SWIFT_VERSION = 5.0;
				TARGETED_DEVICE_FAMILY = "1,2";
				TEST_TARGET_NAME = SeatReservation;
			};
			name = Debug;
		};
		0BD136C32BEFAB9A005E2746 /* Release */ = {
			isa = XCBuildConfiguration;
			buildSettings = {
				ALWAYS_EMBED_SWIFT_STANDARD_LIBRARIES = YES;
				CODE_SIGN_STYLE = Automatic;
				CURRENT_PROJECT_VERSION = 1;
				GENERATE_INFOPLIST_FILE = YES;
				MARKETING_VERSION = 1.0;
				PRODUCT_BUNDLE_IDENTIFIER = "-23.SeatReservationUITests";
				PRODUCT_NAME = "$(TARGET_NAME)";
				SWIFT_EMIT_LOC_STRINGS = NO;
				SWIFT_VERSION = 5.0;
				TARGETED_DEVICE_FAMILY = "1,2";
				TEST_TARGET_NAME = SeatReservation;
			};
			name = Release;
		};
/* End XCBuildConfiguration section */

/* Begin XCConfigurationList section */
		0BD136902BEFAB96005E2746 /* Build configuration list for PBXProject "SeatReservation" */ = {
			isa = XCConfigurationList;
			buildConfigurations = (
				0BD136B92BEFAB9A005E2746 /* Debug */,
				0BD136BA2BEFAB9A005E2746 /* Release */,
			);
			defaultConfigurationIsVisible = 0;
			defaultConfigurationName = Release;
		};
		0BD136BB2BEFAB9A005E2746 /* Build configuration list for PBXNativeTarget "SeatReservation" */ = {
			isa = XCConfigurationList;
			buildConfigurations = (
				0BD136BC2BEFAB9A005E2746 /* Debug */,
				0BD136BD2BEFAB9A005E2746 /* Release */,
			);
			defaultConfigurationIsVisible = 0;
			defaultConfigurationName = Release;
		};
		0BD136BE2BEFAB9A005E2746 /* Build configuration list for PBXNativeTarget "SeatReservationTests" */ = {
			isa = XCConfigurationList;
			buildConfigurations = (
				0BD136BF2BEFAB9A005E2746 /* Debug */,
				0BD136C02BEFAB9A005E2746 /* Release */,
			);
			defaultConfigurationIsVisible = 0;
			defaultConfigurationName = Release;
		};
		0BD136C12BEFAB9A005E2746 /* Build configuration list for PBXNativeTarget "SeatReservationUITests" */ = {
			isa = XCConfigurationList;
			buildConfigurations = (
				0BD136C22BEFAB9A005E2746 /* Debug */,
				0BD136C32BEFAB9A005E2746 /* Release */,
			);
			defaultConfigurationIsVisible = 0;
			defaultConfigurationName = Release;
		};
/* End XCConfigurationList section */
	};
	rootObject = 0BD1368D2BEFAB96005E2746 /* Project object */;
}
